
Microsoft Visual Studio Solution File, Format Version 12.00
# Visual Studio Version 16
VisualStudioVersion = 16.0.29613.14
MinimumVisualStudioVersion = 10.0.40219.1
Project("{9A19103F-16F7-4668-BE54-9A1E7A4F7556}") = "RMT.ApplicationCore", "src\RMT.ApplicationCore\RMT.ApplicationCore.csproj", "{ECBCF413-C4BD-49D6-89B4-DEB1F13242F6}"
EndProject
Project("{9A19103F-16F7-4668-BE54-9A1E7A4F7556}") = "RMT.WebAPI", "src\RMT.WebAPI\RMT.WebAPI.csproj", "{030D0873-D1F3-4D8F-8EB6-C6901BD34523}"
EndProject
Project("{9A19103F-16F7-4668-BE54-9A1E7A4F7556}") = "RMT.Infrastructure", "src\RMT.Infrastructure\RMT.Infrastructure.csproj", "{9B400D5F-B1CC-4EA1-9574-360107227E57}"
EndProject
Global
	GlobalSection(SolutionConfigurationPlatforms) = preSolution
		Debug|Any CPU = Debug|Any CPU
		Release|Any CPU = Release|Any CPU
	EndGlobalSection
	GlobalSection(ProjectConfigurationPlatforms) = postSolution
		{ECBCF413-C4BD-49D6-89B4-DEB1F13242F6}.Debug|Any CPU.ActiveCfg = Debug|Any CPU
		{ECBCF413-C4BD-49D6-89B4-DEB1F13242F6}.Debug|Any CPU.Build.0 = Debug|Any CPU
		{ECBCF413-C4BD-49D6-89B4-DEB1F13242F6}.Release|Any CPU.ActiveCfg = Release|Any CPU
		{ECBCF413-C4BD-49D6-89B4-DEB1F13242F6}.Release|Any CPU.Build.0 = Release|Any CPU
		{030D0873-D1F3-4D8F-8EB6-C6901BD34523}.Debug|Any CPU.ActiveCfg = Debug|Any CPU
		{030D0873-D1F3-4D8F-8EB6-C6901BD34523}.Debug|Any CPU.Build.0 = Debug|Any CPU
		{030D0873-D1F3-4D8F-8EB6-C6901BD34523}.Release|Any CPU.ActiveCfg = Release|Any CPU
		{030D0873-D1F3-4D8F-8EB6-C6901BD34523}.Release|Any CPU.Build.0 = Release|Any CPU
		{9B400D5F-B1CC-4EA1-9574-360107227E57}.Debug|Any CPU.ActiveCfg = Debug|Any CPU
		{9B400D5F-B1CC-4EA1-9574-360107227E57}.Debug|Any CPU.Build.0 = Debug|Any CPU
		{9B400D5F-B1CC-4EA1-9574-360107227E57}.Release|Any CPU.ActiveCfg = Release|Any CPU
		{9B400D5F-B1CC-4EA1-9574-360107227E57}.Release|Any CPU.Build.0 = Release|Any CPU
	EndGlobalSection
	GlobalSection(SolutionProperties) = preSolution
		HideSolutionNode = FALSE
	EndGlobalSection
	GlobalSection(ExtensibilityGlobals) = postSolution
		SolutionGuid = {E2AE2868-9113-4E6E-A2CD-209465D9D9CE}
	EndGlobalSection
EndGlobal
